
Microsoft Visual Studio Solution File, Format Version 12.00
# Visual Studio Version 16
VisualStudioVersion = 16.0.30804.86
MinimumVisualStudioVersion = 10.0.40219.1
Project("{FAE04EC0-301F-11D3-BF4B-00C04F79EFBC}") = "WConfigurator", "WConfigurator.csproj", "{74994A6B-2442-4C5F-BE6F-555573DB6DFA}"
EndProject
Global
	GlobalSection(SolutionConfigurationPlatforms) = preSolution
		Debug|Any CPU = Debug|Any CPU
		Release|Any CPU = Release|Any CPU
	EndGlobalSection
	GlobalSection(ProjectConfigurationPlatforms) = postSolution
		{74994A6B-2442-4C5F-BE6F-555573DB6DFA}.Debug|Any CPU.ActiveCfg = Debug|Any CPU
		{74994A6B-2442-4C5F-BE6F-555573DB6DFA}.Debug|Any CPU.Build.0 = Debug|Any CPU
		{74994A6B-2442-4C5F-BE6F-555573DB6DFA}.Release|Any CPU.ActiveCfg = Release|Any CPU
		{74994A6B-2442-4C5F-BE6F-555573DB6DFA}.Release|Any CPU.Build.0 = Release|Any CPU
	EndGlobalSection
	GlobalSection(SolutionProperties) = preSolution
		HideSolutionNode = FALSE
	EndGlobalSection
	GlobalSection(ExtensibilityGlobals) = postSolution
		SolutionGuid = {600B28EF-0830-4030-9F30-96211D99FCF2}
	EndGlobalSection
EndGlobal
